// !$*UTF8*$!
{
	archiveVersion = 1;
	classes = {
	};
	objectVersion = 77;
	objects = {

/* Begin PBXBuildFile section */
		012012D7D9B8608B93043AD6 /* AccountServiceProvider.swift in Sources */ = {isa = PBXBuildFile; fileRef = 1A6F5F510E1D61955425D029 /* AccountServiceProvider.swift */; };
		048E2B39F61F67994F440E2C /* UserAccount.swift in Sources */ = {isa = PBXBuildFile; fileRef = B5717A22E4AAD8CD7A14ED7D /* UserAccount.swift */; };
		04B113CDCEE47F46770947BA /* FriendsTabView.swift in Sources */ = {isa = PBXBuildFile; fileRef = 0BDA8B0A8AF582C2E1CBE990 /* FriendsTabView.swift */; };
		055437DCFAFFCEC72AEDD61E /* NetworkErrorTests.swift in Sources */ = {isa = PBXBuildFile; fileRef = 414C9D721EB5BEC95B4147E5 /* NetworkErrorTests.swift */; };
		06FDA5FAB7F7A66F89196E96 /* DetailContainer.swift in Sources */ = {isa = PBXBuildFile; fileRef = 49D7C53DAB1E7F54FE02BDCC /* DetailContainer.swift */; };
		0B1351A90C1ECC2961F27665 /* PersistenceServiceTests.swift in Sources */ = {isa = PBXBuildFile; fileRef = ADFFBE4EB35384F144B3F3C9 /* PersistenceServiceTests.swift */; };
		0CA3D5CF771DA7864D46C20C /* AccountLinkingSecurityTests.swift in Sources */ = {isa = PBXBuildFile; fileRef = E54FD82885F14A67563AC7BF /* AccountLinkingSecurityTests.swift */; };
		0F9E5B0E32E6D4290290D62D /* ReconciliationPerformanceTests.swift in Sources */ = {isa = PBXBuildFile; fileRef = 91BDB4DFBAE32BA2C2469A0A /* ReconciliationPerformanceTests.swift */; };
		104CD7F1D049A5CA74F3A7B1 /* README.md in Resources */ = {isa = PBXBuildFile; fileRef = 359FE58C8F77F707AC05AAA6 /* README.md */; };
		12D13C4175CFA16845AABE5E /* RoundingTests.swift in Sources */ = {isa = PBXBuildFile; fileRef = 99DE0F40FA7BA7ED1C0A9B9B /* RoundingTests.swift */; };
		163479B4B5124B08A0687ABE /* GoogleService-Info.plist in Resources */ = {isa = PBXBuildFile; fileRef = C848266A57FBE163BEA3F688 /* GoogleService-Info.plist */; };
		19284FFD8567C4BC7DDB08CC /* CurrencyServiceTests.swift in Sources */ = {isa = PBXBuildFile; fileRef = 45A42E56038DA55B14F638F4 /* CurrencyServiceTests.swift */; };
		1BC96B17C709A405867AD3F5 /* BusinessLogicErrorTests.swift in Sources */ = {isa = PBXBuildFile; fileRef = 9674CEC19FA2F245B34C91FE /* BusinessLogicErrorTests.swift */; };
		1EE61D969477B1331E9DA63E /* currency_minor_units.json in Resources */ = {isa = PBXBuildFile; fileRef = 2CF5CD23DFD7ECA1AB7A2325 /* currency_minor_units.json */; };
		228FBA449D51022B6E8693B4 /* AppAppearanceTests.swift in Sources */ = {isa = PBXBuildFile; fileRef = 8915FFBD2F4F38E97C572B82 /* AppAppearanceTests.swift */; };
		241FE4F5D7652F2F95519FE3 /* AppAppearance.swift in Sources */ = {isa = PBXBuildFile; fileRef = 31895FC4E868FA176E7F2529 /* AppAppearance.swift */; };
		27A14927BD3FD606960670D6 /* LinkStateReconciliationTests.swift in Sources */ = {isa = PBXBuildFile; fileRef = 31F2EB59E84BE53577173A6A /* LinkStateReconciliationTests.swift */; };
		28C79620AABAA8EF8A8A834B /* AccountService.swift in Sources */ = {isa = PBXBuildFile; fileRef = 78175D1E7C19857E0A2B5BE8 /* AccountService.swift */; };
		30E4E7BE79D0537220949AAE /* ExpenseSplittingTests.swift in Sources */ = {isa = PBXBuildFile; fileRef = B18550284A68D2484CF98F2A /* ExpenseSplittingTests.swift */; };
		322C24BA4E47FACDF055D60F /* GroupDetailView.swift in Sources */ = {isa = PBXBuildFile; fileRef = 4BFEFD97F3240D6B253DEDEE /* GroupDetailView.swift */; };
		32F45E7162ABC4326432368D /* SmartIconTests.swift in Sources */ = {isa = PBXBuildFile; fileRef = B1D96B84F60537D2146263D2 /* SmartIconTests.swift */; };
		342D6D44496C78CDB637AED2 /* metrics_template.csv in Resources */ = {isa = PBXBuildFile; fileRef = C7941EFBE449E825A5E0A532 /* metrics_template.csv */; };
		377DAF4BE1F17562710B8167 /* UserAccountTests.swift in Sources */ = {isa = PBXBuildFile; fileRef = 2A56407ADF054AF2AD465BE6 /* UserAccountTests.swift */; };
		3B8801F2DA5D5A74CD7E59E1 /* GroupCloudServiceTests.swift in Sources */ = {isa = PBXBuildFile; fileRef = 44D263550683E1C16F136370 /* GroupCloudServiceTests.swift */; };
		3C0FE97C4C2EDA1AB603A3C9 /* LinkStateReconciliation.swift in Sources */ = {isa = PBXBuildFile; fileRef = 8B43B476095288FA3B239E09 /* LinkStateReconciliation.swift */; };
		3EC6E83D5D227AC901339BDD /* SettleView.swift in Sources */ = {isa = PBXBuildFile; fileRef = D4A249BB3EF0FE576BDBD00A /* SettleView.swift */; };
		40232C51ECCE24BC4E3969A5 /* GroupsTabView.swift in Sources */ = {isa = PBXBuildFile; fileRef = D1A2457284DE994812735486 /* GroupsTabView.swift */; };
		4130AACB34FFA715598B4F87 /* MockClockTests.swift in Sources */ = {isa = PBXBuildFile; fileRef = BB2FADD38E04C54BE335B973 /* MockClockTests.swift */; };
		4634D5D3332ECF9631B63786 /* RetryPolicy.swift in Sources */ = {isa = PBXBuildFile; fileRef = B78A0842E7DCC4C25091BC59 /* RetryPolicy.swift */; };
		4D29E4813A23C389BE48E6E3 /* ExpenseDetailView.swift in Sources */ = {isa = PBXBuildFile; fileRef = AEC794F53CA3D9FF5A554036 /* ExpenseDetailView.swift */; };
		4F31ECAFCC5740532A81AE12 /* Animations.swift in Sources */ = {isa = PBXBuildFile; fileRef = 193A79CB2B5DED33F433E90E /* Animations.swift */; };
		54347AD17B4AD88950042783 /* ErrorPropagationTests.swift in Sources */ = {isa = PBXBuildFile; fileRef = AC52313C0FF807C461A9BEEB /* ErrorPropagationTests.swift */; };
		548BBF301D04B442E50CD8FB /* FirebaseAuth in Frameworks */ = {isa = PBXBuildFile; productRef = 1E6F0542D25147BBF87B0407 /* FirebaseAuth */; };
		5501AB7C18F1F3B44BFFE43D /* expense_v1.json in Resources */ = {isa = PBXBuildFile; fileRef = 63CB85B2C62A0DB284A039AB /* expense_v1.json */; };
		5BA4F06247280DDE15155A5D /* RootView.swift in Sources */ = {isa = PBXBuildFile; fileRef = 2A242E800C5D09A343BB5B46 /* RootView.swift */; };
		5F859618BB059DC2730FAAC3 /* SettlementLogicTests.swift in Sources */ = {isa = PBXBuildFile; fileRef = D016A04E943A584C04678F03 /* SettlementLogicTests.swift */; };
		5FB0C7B3DCFA33BAC876BCD8 /* GoldenFixtureTests.swift in Sources */ = {isa = PBXBuildFile; fileRef = F4EE72550CB3C0406B9F6FB9 /* GoldenFixtureTests.swift */; };
		5FE5FE9CDC956CF0FBC25E84 /* MockInviteLinkService.swift in Sources */ = {isa = PBXBuildFile; fileRef = 49923B90B5388734422295CA /* MockInviteLinkService.swift */; };
		64689DAF2BC3B129F8DB5BFD /* FirebaseFirestore in Frameworks */ = {isa = PBXBuildFile; productRef = 9944CD53CE0B52B577E48E22 /* FirebaseFirestore */; };
		6507F770321F7F9A5B3B1B67 /* NavigationTransitionSettings.swift in Sources */ = {isa = PBXBuildFile; fileRef = 52AEFA92954396252469BB8A /* NavigationTransitionSettings.swift */; };
		670C8FBABAC52D6C9362A7F8 /* PhoneNumberFormatterTests.swift in Sources */ = {isa = PBXBuildFile; fileRef = 706AA03874B9E44105F33D66 /* PhoneNumberFormatterTests.swift */; };
		6B3D4A75ACD74F5776C57A44 /* ExpenseCalculationIntegrationTests.swift in Sources */ = {isa = PBXBuildFile; fileRef = 58C21581672E55915558B122 /* ExpenseCalculationIntegrationTests.swift */; };
		72C55E39CE753D3E0EB12062 /* ExpenseCloudService.swift in Sources */ = {isa = PBXBuildFile; fileRef = 2801AB09277F57257C560C60 /* ExpenseCloudService.swift */; };
		755A240760BD3BCEEA1B6B89 /* SwipeBackModifier.swift in Sources */ = {isa = PBXBuildFile; fileRef = 27DC865991DE806047491A0F /* SwipeBackModifier.swift */; };
		787BC093C98D0A3CF0167BD3 /* LoginView.swift in Sources */ = {isa = PBXBuildFile; fileRef = 7C6FD3885134BFA7111AB3D7 /* LoginView.swift */; };
		7D0FF5C2DD7DD40C3E991E9C /* group_v1.json in Resources */ = {isa = PBXBuildFile; fileRef = B57A74506A4325E48913451C /* group_v1.json */; };
		7D7ED60B9C9AFE738DA6B74C /* TEST_REQUIREMENTS_MAPPING.md in Resources */ = {isa = PBXBuildFile; fileRef = 121FD42B6E6BDB39393843D2 /* TEST_REQUIREMENTS_MAPPING.md */; };
		838755AB6EBEEB9044C348E3 /* RetryPolicyTests.swift in Sources */ = {isa = PBXBuildFile; fileRef = 1F8BE3BFAA26314F5B4255EE /* RetryPolicyTests.swift */; };
		8388AA4BC29EFB1E8D512F5D /* ExpenseValidationTests.swift in Sources */ = {isa = PBXBuildFile; fileRef = 0BB5A5519F1CFDFB94A471E9 /* ExpenseValidationTests.swift */; };
		83E5387B9931DEEDC10142D7 /* PayBackTests.swift in Sources */ = {isa = PBXBuildFile; fileRef = 1696234864C7E3E706D5EE73 /* PayBackTests.swift */; };
		8546DDC4FE2D3FB094829C16 /* SmartIcon.swift in Sources */ = {isa = PBXBuildFile; fileRef = FB7AC9C7E82C09EDF5584EF0 /* SmartIcon.swift */; };
		86FFF042ED2F13FFFDA63D9E /* PersistenceService.swift in Sources */ = {isa = PBXBuildFile; fileRef = 544B8CFB04B6998262B21A87 /* PersistenceService.swift */; };
		8BEC039AC0196232F7F6DBFC /* AccountServiceTests.swift in Sources */ = {isa = PBXBuildFile; fileRef = 06F52BB68559D700BB77F54A /* AccountServiceTests.swift */; };
		8BF8EB213F51D8BC991DFC21 /* PhoneAuthService.swift in Sources */ = {isa = PBXBuildFile; fileRef = FDA3E6B62DA262910AA5CADB /* PhoneAuthService.swift */; };
		8C20585EE1D0A1C056DD5A1D /* FilteringPerformanceTests.swift in Sources */ = {isa = PBXBuildFile; fileRef = 940B082B402AACB5629C7199 /* FilteringPerformanceTests.swift */; };
		8DA9D14386E915876256B781 /* InviteLinkService.swift in Sources */ = {isa = PBXBuildFile; fileRef = 9E8E613F19ED5557FCA1F815 /* InviteLinkService.swift */; };
		8F03C8B31BE2FE049D58F433 /* DomainModels.swift in Sources */ = {isa = PBXBuildFile; fileRef = B5B4AADFDE2AA517AC12FC87 /* DomainModels.swift */; };
		9032992644B9570D6FB3D745 /* PhoneNumberFormatter.swift in Sources */ = {isa = PBXBuildFile; fileRef = D1FBE3342077415A70933D81 /* PhoneNumberFormatter.swift */; };
		90B4A0BDBF8D14A602F77D20 /* EmailValidator.swift in Sources */ = {isa = PBXBuildFile; fileRef = 116F1E9C01A85A122B388140 /* EmailValidator.swift */; };
		998E218DCAA7EF5DB647D52E /* AddFriendSheet.swift in Sources */ = {isa = PBXBuildFile; fileRef = 9A2AEEEBBB4AFAF0798ED5AA /* AddFriendSheet.swift */; };
		99AAA28C8FD423F4086F017F /* TimeBasedLogicTests.swift in Sources */ = {isa = PBXBuildFile; fileRef = 2752944105593F44F81649C8 /* TimeBasedLogicTests.swift */; };
		9B5F8322BEDCAB0E17C1C805 /* InviteLinkClaimView.swift in Sources */ = {isa = PBXBuildFile; fileRef = 659E0CE6F984DA94965FD32A /* InviteLinkClaimView.swift */; };
		9BCC848108316F09FECCCBAE /* GroupMemberExtensionTests.swift in Sources */ = {isa = PBXBuildFile; fileRef = DB36D35D0E6AE15695624BC3 /* GroupMemberExtensionTests.swift */; };
		9D899E80F2D85799FCB9060C /* SplitInvariantsTests.swift in Sources */ = {isa = PBXBuildFile; fileRef = 37B574FB42E94A369F785A94 /* SplitInvariantsTests.swift */; };
		A20570FD734E7731B4D1FA12 /* LinkingModels.swift in Sources */ = {isa = PBXBuildFile; fileRef = 85516C61396B85FE8F675EB9 /* LinkingModels.swift */; };
		A2D5A28D5169CD7A40D5B8B0 /* EmailValidatorTests.swift in Sources */ = {isa = PBXBuildFile; fileRef = EE8CFF6F7AC87D65CDAD0BC7 /* EmailValidatorTests.swift */; };
		A3272BFD3ED589B42649F79C /* HapticsTests.swift in Sources */ = {isa = PBXBuildFile; fileRef = 197F336C27A445A76763981B /* HapticsTests.swift */; };
		A4E26B52AF0DAEA183EAAFD0 /* CodableTests.swift in Sources */ = {isa = PBXBuildFile; fileRef = CC2BAF9C49E59C91F7FEA132 /* CodableTests.swift */; };
		A6FA2B00A5CA0F222A4836CB /* CurrencyService.swift in Sources */ = {isa = PBXBuildFile; fileRef = 7F3F84272E058BBE1E1F770E /* CurrencyService.swift */; };
		A94BB8D5013ACCD76B01635F /* EmailAuthService.swift in Sources */ = {isa = PBXBuildFile; fileRef = 439C93064BA5C8A4E2A5F847 /* EmailAuthService.swift */; };
		ACDF133A6051D04122578E60 /* AuthCoordinator.swift in Sources */ = {isa = PBXBuildFile; fileRef = 251525EBCD9286300851844F /* AuthCoordinator.swift */; };
		AD4EA93A3F930908B5C5441A /* MockLinkRequestService.swift in Sources */ = {isa = PBXBuildFile; fileRef = 3BFB275C09AC10BAB7A5A4F1 /* MockLinkRequestService.swift */; };
		AE3FD81F298532E17AF7BEFA /* AsyncCancellationTests.swift in Sources */ = {isa = PBXBuildFile; fileRef = BA64E2E2668159CDEEB0DA73 /* AsyncCancellationTests.swift */; };
		AF5D94363D3A4098859AFF83 /* ActivityView.swift in Sources */ = {isa = PBXBuildFile; fileRef = 197A2B9C5F8F5B679EBA5627 /* ActivityView.swift */; };
		B3100B114852E4D7B5784FEE /* AddHomeView.swift in Sources */ = {isa = PBXBuildFile; fileRef = 4014E818C9EE7667E5E37F16 /* AddHomeView.swift */; };
		B43D07F5E265CEF1F3BAAA79 /* TEST_MONITORING.md in Resources */ = {isa = PBXBuildFile; fileRef = 1F9D26AE34C77C06482C442E /* TEST_MONITORING.md */; };
		B65BB3D474B7034F1CFCF9C9 /* PIIRedactionTests.swift in Sources */ = {isa = PBXBuildFile; fileRef = 293399FB569B98015E8477C1 /* PIIRedactionTests.swift */; };
		BF3B4BE9134CB455427285AB /* MockClock.swift in Sources */ = {isa = PBXBuildFile; fileRef = CA89917127F369F8DF989F92 /* MockClock.swift */; };
		C0706F5636AABBFF8BC84609 /* LinkRequestListView.swift in Sources */ = {isa = PBXBuildFile; fileRef = AB52409731CB242FF0DD0854 /* LinkRequestListView.swift */; };
		C0E10F6F4123363F9C220E60 /* Haptics.swift in Sources */ = {isa = PBXBuildFile; fileRef = 1DC83EC262AFA752D419111A /* Haptics.swift */; };
		C1CB50A738730F9B0EC35A18 /* FriendDetailView.swift in Sources */ = {isa = PBXBuildFile; fileRef = CD7D1804BD2711AB502C3992 /* FriendDetailView.swift */; };
		C543D6914EF674A8FA23AF56 /* SplitCalculationPerformanceTests.swift in Sources */ = {isa = PBXBuildFile; fileRef = 5541286C35AC9364A205CCE2 /* SplitCalculationPerformanceTests.swift */; };
		C56DC46F7E46777128184E08 /* AuthFlowView.swift in Sources */ = {isa = PBXBuildFile; fileRef = 470EEC7D42D40A275EF2B960 /* AuthFlowView.swift */; };
		C7A1F8D67A6F387642CAEEBF /* DomainModelsTests.swift in Sources */ = {isa = PBXBuildFile; fileRef = B7955D3CDE838DA328C185AD /* DomainModelsTests.swift */; };
		C8A0C9A7D5E1D007079280C3 /* ProfileView.swift in Sources */ = {isa = PBXBuildFile; fileRef = 6C0C5EF7CC500E28F3D7F4D9 /* ProfileView.swift */; };
		CA41009C26CE97F437835F6D /* breaking_change_test.json in Resources */ = {isa = PBXBuildFile; fileRef = 0430BB91AD29ABC07EB90438 /* breaking_change_test.json */; };
		CF9A9E4F0A0B36E8877FD1F3 /* CI-CD-SETUP.md in Resources */ = {isa = PBXBuildFile; fileRef = 550E93DC8CFA844651953CAC /* CI-CD-SETUP.md */; };
		D013A0CBBCB20B354345CA83 /* SettingsView.swift in Sources */ = {isa = PBXBuildFile; fileRef = B7AD0B752439EFEECE865501 /* SettingsView.swift */; };
		D250EB25801C16984E0C99C2 /* SignupDetailsView.swift in Sources */ = {isa = PBXBuildFile; fileRef = 999F61468DEA3A20EE566805 /* SignupDetailsView.swift */; };
		D6529386A3E80DCDF3F560EC /* MemoryUsageTests.swift in Sources */ = {isa = PBXBuildFile; fileRef = FA4448BE2780A647AA713C93 /* MemoryUsageTests.swift */; };
		D71CD07F46570064ADC20F11 /* Styles.swift in Sources */ = {isa = PBXBuildFile; fileRef = A54E8765BB61BF8AE75C2E7F /* Styles.swift */; };
		D9277829989507A1BA9B8CDE /* SignupView.swift in Sources */ = {isa = PBXBuildFile; fileRef = 89ECF25EDEBE04BAF990F308 /* SignupView.swift */; };
		D92D2F101A3F547910349AA6 /* AddExpenseView.swift in Sources */ = {isa = PBXBuildFile; fileRef = D0607737DE5977CD65AB1147 /* AddExpenseView.swift */; };
		DBBBBF6FAAAD4E920B911460 /* ActorIsolationTests.swift in Sources */ = {isa = PBXBuildFile; fileRef = 13D74C51EC14E749DBF98AC9 /* ActorIsolationTests.swift */; };
		DF0D3A471AFD3BCB8DAF8AE0 /* AppStore.swift in Sources */ = {isa = PBXBuildFile; fileRef = 0A02BD49B654854E28F0A38E /* AppStore.swift */; };
		E17C3113B6C328A1DBA9C86E /* TestHelpers.swift in Sources */ = {isa = PBXBuildFile; fileRef = 62D4543225DFB5DB9ECF98D6 /* TestHelpers.swift */; };
		E433C5FBD7576D4EBC603213 /* GroupsListView.swift in Sources */ = {isa = PBXBuildFile; fileRef = CB7059704035A15DCD73A3A6 /* GroupsListView.swift */; };
		E99E0CD1A135A13DA4CE2D82 /* InputValidationTests.swift in Sources */ = {isa = PBXBuildFile; fileRef = FBDC222FD54B63889EB96C3C /* InputValidationTests.swift */; };
		EAC53DF1302B0E64F67916C8 /* NavigationHeader.swift in Sources */ = {isa = PBXBuildFile; fileRef = 763885D766A04AE1FF7CB213 /* NavigationHeader.swift */; };
		EC6C156FE2AF0B4E3F8F92B9 /* GroupCloudService.swift in Sources */ = {isa = PBXBuildFile; fileRef = F72E83FE738B1585350D73B3 /* GroupCloudService.swift */; };
		EFC2EA243E86A75584A3CC6B /* FirestoreAccountService.swift in Sources */ = {isa = PBXBuildFile; fileRef = D5A69FF8B612F47203F27E63 /* FirestoreAccountService.swift */; };
		F52B3FF9B3A4FCC8F5AF18D3 /* CodeVerificationView.swift in Sources */ = {isa = PBXBuildFile; fileRef = E83E29039BA183D157EE01C2 /* CodeVerificationView.swift */; };
		F6AF78D682362C489666B4F3 /* LinkRequestService.swift in Sources */ = {isa = PBXBuildFile; fileRef = 72432DC9FC2168A054264E0C /* LinkRequestService.swift */; };
		F89E0C4698147FF453981D8D /* LinkRequestDetailView.swift in Sources */ = {isa = PBXBuildFile; fileRef = 3E7BE76B85DDBE6B6FED0200 /* LinkRequestDetailView.swift */; };
		F8EC479EFD00FC5E962CCCC7 /* PayBackApp.swift in Sources */ = {isa = PBXBuildFile; fileRef = A9B13CAB72D4F922DA9680F8 /* PayBackApp.swift */; };
		FC0DBFC0C26D69E8609BC1FF /* LinkingModelsTests.swift in Sources */ = {isa = PBXBuildFile; fileRef = 90EF091A3971558C6B1CE24E /* LinkingModelsTests.swift */; };
/* End PBXBuildFile section */

/* Begin PBXContainerItemProxy section */
		2857A0AE392E0CFFBA759EA4 /* PBXContainerItemProxy */ = {
			isa = PBXContainerItemProxy;
			containerPortal = 9B70594C9E661D946D83DAA3 /* Project object */;
			proxyType = 1;
			remoteGlobalIDString = 8A87A393B132A8E10E64FD91;
			remoteInfo = PayBack;
		};
/* End PBXContainerItemProxy section */

/* Begin PBXFileReference section */
		0430BB91AD29ABC07EB90438 /* breaking_change_test.json */ = {isa = PBXFileReference; lastKnownFileType = text.json; path = breaking_change_test.json; sourceTree = "<group>"; };
		06F52BB68559D700BB77F54A /* AccountServiceTests.swift */ = {isa = PBXFileReference; lastKnownFileType = sourcecode.swift; path = AccountServiceTests.swift; sourceTree = "<group>"; };
		0A02BD49B654854E28F0A38E /* AppStore.swift */ = {isa = PBXFileReference; lastKnownFileType = sourcecode.swift; path = AppStore.swift; sourceTree = "<group>"; };
		0BB5A5519F1CFDFB94A471E9 /* ExpenseValidationTests.swift */ = {isa = PBXFileReference; lastKnownFileType = sourcecode.swift; path = ExpenseValidationTests.swift; sourceTree = "<group>"; };
		0BDA8B0A8AF582C2E1CBE990 /* FriendsTabView.swift */ = {isa = PBXFileReference; lastKnownFileType = sourcecode.swift; path = FriendsTabView.swift; sourceTree = "<group>"; };
		116F1E9C01A85A122B388140 /* EmailValidator.swift */ = {isa = PBXFileReference; lastKnownFileType = sourcecode.swift; path = EmailValidator.swift; sourceTree = "<group>"; };
		121FD42B6E6BDB39393843D2 /* TEST_REQUIREMENTS_MAPPING.md */ = {isa = PBXFileReference; lastKnownFileType = net.daringfireball.markdown; path = TEST_REQUIREMENTS_MAPPING.md; sourceTree = "<group>"; };
		13D74C51EC14E749DBF98AC9 /* ActorIsolationTests.swift */ = {isa = PBXFileReference; lastKnownFileType = sourcecode.swift; path = ActorIsolationTests.swift; sourceTree = "<group>"; };
		1696234864C7E3E706D5EE73 /* PayBackTests.swift */ = {isa = PBXFileReference; lastKnownFileType = sourcecode.swift; path = PayBackTests.swift; sourceTree = "<group>"; };
		193A79CB2B5DED33F433E90E /* Animations.swift */ = {isa = PBXFileReference; lastKnownFileType = sourcecode.swift; path = Animations.swift; sourceTree = "<group>"; };
		197A2B9C5F8F5B679EBA5627 /* ActivityView.swift */ = {isa = PBXFileReference; lastKnownFileType = sourcecode.swift; path = ActivityView.swift; sourceTree = "<group>"; };
		197F336C27A445A76763981B /* HapticsTests.swift */ = {isa = PBXFileReference; lastKnownFileType = sourcecode.swift; path = HapticsTests.swift; sourceTree = "<group>"; };
		1A6F5F510E1D61955425D029 /* AccountServiceProvider.swift */ = {isa = PBXFileReference; lastKnownFileType = sourcecode.swift; path = AccountServiceProvider.swift; sourceTree = "<group>"; };
		1DC83EC262AFA752D419111A /* Haptics.swift */ = {isa = PBXFileReference; lastKnownFileType = sourcecode.swift; path = Haptics.swift; sourceTree = "<group>"; };
		1F8BE3BFAA26314F5B4255EE /* RetryPolicyTests.swift */ = {isa = PBXFileReference; lastKnownFileType = sourcecode.swift; path = RetryPolicyTests.swift; sourceTree = "<group>"; };
		1F9D26AE34C77C06482C442E /* TEST_MONITORING.md */ = {isa = PBXFileReference; lastKnownFileType = net.daringfireball.markdown; path = TEST_MONITORING.md; sourceTree = "<group>"; };
		251525EBCD9286300851844F /* AuthCoordinator.swift */ = {isa = PBXFileReference; lastKnownFileType = sourcecode.swift; path = AuthCoordinator.swift; sourceTree = "<group>"; };
		2752944105593F44F81649C8 /* TimeBasedLogicTests.swift */ = {isa = PBXFileReference; lastKnownFileType = sourcecode.swift; path = TimeBasedLogicTests.swift; sourceTree = "<group>"; };
		27DC865991DE806047491A0F /* SwipeBackModifier.swift */ = {isa = PBXFileReference; lastKnownFileType = sourcecode.swift; path = SwipeBackModifier.swift; sourceTree = "<group>"; };
		2801AB09277F57257C560C60 /* ExpenseCloudService.swift */ = {isa = PBXFileReference; lastKnownFileType = sourcecode.swift; path = ExpenseCloudService.swift; sourceTree = "<group>"; };
		293399FB569B98015E8477C1 /* PIIRedactionTests.swift */ = {isa = PBXFileReference; lastKnownFileType = sourcecode.swift; path = PIIRedactionTests.swift; sourceTree = "<group>"; };
		2A242E800C5D09A343BB5B46 /* RootView.swift */ = {isa = PBXFileReference; lastKnownFileType = sourcecode.swift; path = RootView.swift; sourceTree = "<group>"; };
		2A56407ADF054AF2AD465BE6 /* UserAccountTests.swift */ = {isa = PBXFileReference; lastKnownFileType = sourcecode.swift; path = UserAccountTests.swift; sourceTree = "<group>"; };
		2CF5CD23DFD7ECA1AB7A2325 /* currency_minor_units.json */ = {isa = PBXFileReference; lastKnownFileType = text.json; path = currency_minor_units.json; sourceTree = "<group>"; };
		31895FC4E868FA176E7F2529 /* AppAppearance.swift */ = {isa = PBXFileReference; lastKnownFileType = sourcecode.swift; path = AppAppearance.swift; sourceTree = "<group>"; };
		31F2EB59E84BE53577173A6A /* LinkStateReconciliationTests.swift */ = {isa = PBXFileReference; lastKnownFileType = sourcecode.swift; path = LinkStateReconciliationTests.swift; sourceTree = "<group>"; };
		359FE58C8F77F707AC05AAA6 /* README.md */ = {isa = PBXFileReference; lastKnownFileType = net.daringfireball.markdown; path = README.md; sourceTree = "<group>"; };
		37B574FB42E94A369F785A94 /* SplitInvariantsTests.swift */ = {isa = PBXFileReference; lastKnownFileType = sourcecode.swift; path = SplitInvariantsTests.swift; sourceTree = "<group>"; };
		3BFB275C09AC10BAB7A5A4F1 /* MockLinkRequestService.swift */ = {isa = PBXFileReference; lastKnownFileType = sourcecode.swift; path = MockLinkRequestService.swift; sourceTree = "<group>"; };
		3E7BE76B85DDBE6B6FED0200 /* LinkRequestDetailView.swift */ = {isa = PBXFileReference; lastKnownFileType = sourcecode.swift; path = LinkRequestDetailView.swift; sourceTree = "<group>"; };
		4014E818C9EE7667E5E37F16 /* AddHomeView.swift */ = {isa = PBXFileReference; lastKnownFileType = sourcecode.swift; path = AddHomeView.swift; sourceTree = "<group>"; };
		414C9D721EB5BEC95B4147E5 /* NetworkErrorTests.swift */ = {isa = PBXFileReference; lastKnownFileType = sourcecode.swift; path = NetworkErrorTests.swift; sourceTree = "<group>"; };
		439C93064BA5C8A4E2A5F847 /* EmailAuthService.swift */ = {isa = PBXFileReference; lastKnownFileType = sourcecode.swift; path = EmailAuthService.swift; sourceTree = "<group>"; };
		44D263550683E1C16F136370 /* GroupCloudServiceTests.swift */ = {isa = PBXFileReference; lastKnownFileType = sourcecode.swift; path = GroupCloudServiceTests.swift; sourceTree = "<group>"; };
		44DC8C435AB86C92B1C7D259 /* PayBack.app */ = {isa = PBXFileReference; includeInIndex = 0; lastKnownFileType = wrapper.application; path = PayBack.app; sourceTree = BUILT_PRODUCTS_DIR; };
		45A42E56038DA55B14F638F4 /* CurrencyServiceTests.swift */ = {isa = PBXFileReference; lastKnownFileType = sourcecode.swift; path = CurrencyServiceTests.swift; sourceTree = "<group>"; };
		470EEC7D42D40A275EF2B960 /* AuthFlowView.swift */ = {isa = PBXFileReference; lastKnownFileType = sourcecode.swift; path = AuthFlowView.swift; sourceTree = "<group>"; };
		49923B90B5388734422295CA /* MockInviteLinkService.swift */ = {isa = PBXFileReference; lastKnownFileType = sourcecode.swift; path = MockInviteLinkService.swift; sourceTree = "<group>"; };
		49D7C53DAB1E7F54FE02BDCC /* DetailContainer.swift */ = {isa = PBXFileReference; lastKnownFileType = sourcecode.swift; path = DetailContainer.swift; sourceTree = "<group>"; };
		4BFEFD97F3240D6B253DEDEE /* GroupDetailView.swift */ = {isa = PBXFileReference; lastKnownFileType = sourcecode.swift; path = GroupDetailView.swift; sourceTree = "<group>"; };
		4D1EB6F6C491A423A4B98BAD /* PayBackTests.xctest */ = {isa = PBXFileReference; includeInIndex = 0; lastKnownFileType = wrapper.cfbundle; path = PayBackTests.xctest; sourceTree = BUILT_PRODUCTS_DIR; };
		52AEFA92954396252469BB8A /* NavigationTransitionSettings.swift */ = {isa = PBXFileReference; lastKnownFileType = sourcecode.swift; path = NavigationTransitionSettings.swift; sourceTree = "<group>"; };
		544B8CFB04B6998262B21A87 /* PersistenceService.swift */ = {isa = PBXFileReference; lastKnownFileType = sourcecode.swift; path = PersistenceService.swift; sourceTree = "<group>"; };
		550E93DC8CFA844651953CAC /* CI-CD-SETUP.md */ = {isa = PBXFileReference; lastKnownFileType = net.daringfireball.markdown; path = "CI-CD-SETUP.md"; sourceTree = "<group>"; };
		5541286C35AC9364A205CCE2 /* SplitCalculationPerformanceTests.swift */ = {isa = PBXFileReference; lastKnownFileType = sourcecode.swift; path = SplitCalculationPerformanceTests.swift; sourceTree = "<group>"; };
		58C21581672E55915558B122 /* ExpenseCalculationIntegrationTests.swift */ = {isa = PBXFileReference; lastKnownFileType = sourcecode.swift; path = ExpenseCalculationIntegrationTests.swift; sourceTree = "<group>"; };
		62D4543225DFB5DB9ECF98D6 /* TestHelpers.swift */ = {isa = PBXFileReference; lastKnownFileType = sourcecode.swift; path = TestHelpers.swift; sourceTree = "<group>"; };
		63CB85B2C62A0DB284A039AB /* expense_v1.json */ = {isa = PBXFileReference; lastKnownFileType = text.json; path = expense_v1.json; sourceTree = "<group>"; };
		659E0CE6F984DA94965FD32A /* InviteLinkClaimView.swift */ = {isa = PBXFileReference; lastKnownFileType = sourcecode.swift; path = InviteLinkClaimView.swift; sourceTree = "<group>"; };
		6C0C5EF7CC500E28F3D7F4D9 /* ProfileView.swift */ = {isa = PBXFileReference; lastKnownFileType = sourcecode.swift; path = ProfileView.swift; sourceTree = "<group>"; };
		706AA03874B9E44105F33D66 /* PhoneNumberFormatterTests.swift */ = {isa = PBXFileReference; lastKnownFileType = sourcecode.swift; path = PhoneNumberFormatterTests.swift; sourceTree = "<group>"; };
		72432DC9FC2168A054264E0C /* LinkRequestService.swift */ = {isa = PBXFileReference; lastKnownFileType = sourcecode.swift; path = LinkRequestService.swift; sourceTree = "<group>"; };
		763885D766A04AE1FF7CB213 /* NavigationHeader.swift */ = {isa = PBXFileReference; lastKnownFileType = sourcecode.swift; path = NavigationHeader.swift; sourceTree = "<group>"; };
		78175D1E7C19857E0A2B5BE8 /* AccountService.swift */ = {isa = PBXFileReference; lastKnownFileType = sourcecode.swift; path = AccountService.swift; sourceTree = "<group>"; };
		7C6FD3885134BFA7111AB3D7 /* LoginView.swift */ = {isa = PBXFileReference; lastKnownFileType = sourcecode.swift; path = LoginView.swift; sourceTree = "<group>"; };
		7F3F84272E058BBE1E1F770E /* CurrencyService.swift */ = {isa = PBXFileReference; lastKnownFileType = sourcecode.swift; path = CurrencyService.swift; sourceTree = "<group>"; };
		85516C61396B85FE8F675EB9 /* LinkingModels.swift */ = {isa = PBXFileReference; lastKnownFileType = sourcecode.swift; path = LinkingModels.swift; sourceTree = "<group>"; };
		8915FFBD2F4F38E97C572B82 /* AppAppearanceTests.swift */ = {isa = PBXFileReference; lastKnownFileType = sourcecode.swift; path = AppAppearanceTests.swift; sourceTree = "<group>"; };
		89ECF25EDEBE04BAF990F308 /* SignupView.swift */ = {isa = PBXFileReference; lastKnownFileType = sourcecode.swift; path = SignupView.swift; sourceTree = "<group>"; };
		8B43B476095288FA3B239E09 /* LinkStateReconciliation.swift */ = {isa = PBXFileReference; lastKnownFileType = sourcecode.swift; path = LinkStateReconciliation.swift; sourceTree = "<group>"; };
		90EF091A3971558C6B1CE24E /* LinkingModelsTests.swift */ = {isa = PBXFileReference; lastKnownFileType = sourcecode.swift; path = LinkingModelsTests.swift; sourceTree = "<group>"; };
		91BDB4DFBAE32BA2C2469A0A /* ReconciliationPerformanceTests.swift */ = {isa = PBXFileReference; lastKnownFileType = sourcecode.swift; path = ReconciliationPerformanceTests.swift; sourceTree = "<group>"; };
		940B082B402AACB5629C7199 /* FilteringPerformanceTests.swift */ = {isa = PBXFileReference; lastKnownFileType = sourcecode.swift; path = FilteringPerformanceTests.swift; sourceTree = "<group>"; };
		9674CEC19FA2F245B34C91FE /* BusinessLogicErrorTests.swift */ = {isa = PBXFileReference; lastKnownFileType = sourcecode.swift; path = BusinessLogicErrorTests.swift; sourceTree = "<group>"; };
		999F61468DEA3A20EE566805 /* SignupDetailsView.swift */ = {isa = PBXFileReference; lastKnownFileType = sourcecode.swift; path = SignupDetailsView.swift; sourceTree = "<group>"; };
		99DE0F40FA7BA7ED1C0A9B9B /* RoundingTests.swift */ = {isa = PBXFileReference; lastKnownFileType = sourcecode.swift; path = RoundingTests.swift; sourceTree = "<group>"; };
		9A2AEEEBBB4AFAF0798ED5AA /* AddFriendSheet.swift */ = {isa = PBXFileReference; lastKnownFileType = sourcecode.swift; path = AddFriendSheet.swift; sourceTree = "<group>"; };
		9E8E613F19ED5557FCA1F815 /* InviteLinkService.swift */ = {isa = PBXFileReference; lastKnownFileType = sourcecode.swift; path = InviteLinkService.swift; sourceTree = "<group>"; };
		A54E8765BB61BF8AE75C2E7F /* Styles.swift */ = {isa = PBXFileReference; lastKnownFileType = sourcecode.swift; path = Styles.swift; sourceTree = "<group>"; };
		A9B13CAB72D4F922DA9680F8 /* PayBackApp.swift */ = {isa = PBXFileReference; lastKnownFileType = sourcecode.swift; path = PayBackApp.swift; sourceTree = "<group>"; };
		AB52409731CB242FF0DD0854 /* LinkRequestListView.swift */ = {isa = PBXFileReference; lastKnownFileType = sourcecode.swift; path = LinkRequestListView.swift; sourceTree = "<group>"; };
		AC52313C0FF807C461A9BEEB /* ErrorPropagationTests.swift */ = {isa = PBXFileReference; lastKnownFileType = sourcecode.swift; path = ErrorPropagationTests.swift; sourceTree = "<group>"; };
		ADFFBE4EB35384F144B3F3C9 /* PersistenceServiceTests.swift */ = {isa = PBXFileReference; lastKnownFileType = sourcecode.swift; path = PersistenceServiceTests.swift; sourceTree = "<group>"; };
		AEC794F53CA3D9FF5A554036 /* ExpenseDetailView.swift */ = {isa = PBXFileReference; lastKnownFileType = sourcecode.swift; path = ExpenseDetailView.swift; sourceTree = "<group>"; };
		B18550284A68D2484CF98F2A /* ExpenseSplittingTests.swift */ = {isa = PBXFileReference; lastKnownFileType = sourcecode.swift; path = ExpenseSplittingTests.swift; sourceTree = "<group>"; };
		B1D96B84F60537D2146263D2 /* SmartIconTests.swift */ = {isa = PBXFileReference; lastKnownFileType = sourcecode.swift; path = SmartIconTests.swift; sourceTree = "<group>"; };
		B5717A22E4AAD8CD7A14ED7D /* UserAccount.swift */ = {isa = PBXFileReference; lastKnownFileType = sourcecode.swift; path = UserAccount.swift; sourceTree = "<group>"; };
		B57A74506A4325E48913451C /* group_v1.json */ = {isa = PBXFileReference; lastKnownFileType = text.json; path = group_v1.json; sourceTree = "<group>"; };
		B5B4AADFDE2AA517AC12FC87 /* DomainModels.swift */ = {isa = PBXFileReference; lastKnownFileType = sourcecode.swift; path = DomainModels.swift; sourceTree = "<group>"; };
		B78A0842E7DCC4C25091BC59 /* RetryPolicy.swift */ = {isa = PBXFileReference; lastKnownFileType = sourcecode.swift; path = RetryPolicy.swift; sourceTree = "<group>"; };
		B7955D3CDE838DA328C185AD /* DomainModelsTests.swift */ = {isa = PBXFileReference; lastKnownFileType = sourcecode.swift; path = DomainModelsTests.swift; sourceTree = "<group>"; };
		B7AD0B752439EFEECE865501 /* SettingsView.swift */ = {isa = PBXFileReference; lastKnownFileType = sourcecode.swift; path = SettingsView.swift; sourceTree = "<group>"; };
		BA64E2E2668159CDEEB0DA73 /* AsyncCancellationTests.swift */ = {isa = PBXFileReference; lastKnownFileType = sourcecode.swift; path = AsyncCancellationTests.swift; sourceTree = "<group>"; };
		BB2FADD38E04C54BE335B973 /* MockClockTests.swift */ = {isa = PBXFileReference; lastKnownFileType = sourcecode.swift; path = MockClockTests.swift; sourceTree = "<group>"; };
		C7941EFBE449E825A5E0A532 /* metrics_template.csv */ = {isa = PBXFileReference; path = metrics_template.csv; sourceTree = "<group>"; };
		C848266A57FBE163BEA3F688 /* GoogleService-Info.plist */ = {isa = PBXFileReference; lastKnownFileType = text.plist; path = "GoogleService-Info.plist"; sourceTree = "<group>"; };
		CA89917127F369F8DF989F92 /* MockClock.swift */ = {isa = PBXFileReference; lastKnownFileType = sourcecode.swift; path = MockClock.swift; sourceTree = "<group>"; };
		CB7059704035A15DCD73A3A6 /* GroupsListView.swift */ = {isa = PBXFileReference; lastKnownFileType = sourcecode.swift; path = GroupsListView.swift; sourceTree = "<group>"; };
		CC2BAF9C49E59C91F7FEA132 /* CodableTests.swift */ = {isa = PBXFileReference; lastKnownFileType = sourcecode.swift; path = CodableTests.swift; sourceTree = "<group>"; };
		CD7D1804BD2711AB502C3992 /* FriendDetailView.swift */ = {isa = PBXFileReference; lastKnownFileType = sourcecode.swift; path = FriendDetailView.swift; sourceTree = "<group>"; };
		D016A04E943A584C04678F03 /* SettlementLogicTests.swift */ = {isa = PBXFileReference; lastKnownFileType = sourcecode.swift; path = SettlementLogicTests.swift; sourceTree = "<group>"; };
		D0607737DE5977CD65AB1147 /* AddExpenseView.swift */ = {isa = PBXFileReference; lastKnownFileType = sourcecode.swift; path = AddExpenseView.swift; sourceTree = "<group>"; };
		D1A2457284DE994812735486 /* GroupsTabView.swift */ = {isa = PBXFileReference; lastKnownFileType = sourcecode.swift; path = GroupsTabView.swift; sourceTree = "<group>"; };
		D1FBE3342077415A70933D81 /* PhoneNumberFormatter.swift */ = {isa = PBXFileReference; lastKnownFileType = sourcecode.swift; path = PhoneNumberFormatter.swift; sourceTree = "<group>"; };
		D4A249BB3EF0FE576BDBD00A /* SettleView.swift */ = {isa = PBXFileReference; lastKnownFileType = sourcecode.swift; path = SettleView.swift; sourceTree = "<group>"; };
		D5A69FF8B612F47203F27E63 /* FirestoreAccountService.swift */ = {isa = PBXFileReference; lastKnownFileType = sourcecode.swift; path = FirestoreAccountService.swift; sourceTree = "<group>"; };
		DB36D35D0E6AE15695624BC3 /* GroupMemberExtensionTests.swift */ = {isa = PBXFileReference; lastKnownFileType = sourcecode.swift; path = GroupMemberExtensionTests.swift; sourceTree = "<group>"; };
		E54FD82885F14A67563AC7BF /* AccountLinkingSecurityTests.swift */ = {isa = PBXFileReference; lastKnownFileType = sourcecode.swift; path = AccountLinkingSecurityTests.swift; sourceTree = "<group>"; };
		E83E29039BA183D157EE01C2 /* CodeVerificationView.swift */ = {isa = PBXFileReference; lastKnownFileType = sourcecode.swift; path = CodeVerificationView.swift; sourceTree = "<group>"; };
		EE8CFF6F7AC87D65CDAD0BC7 /* EmailValidatorTests.swift */ = {isa = PBXFileReference; lastKnownFileType = sourcecode.swift; path = EmailValidatorTests.swift; sourceTree = "<group>"; };
		F19635C1D0C5929241668327 /* Info.plist */ = {isa = PBXFileReference; lastKnownFileType = text.plist; path = Info.plist; sourceTree = "<group>"; };
		F4EE72550CB3C0406B9F6FB9 /* GoldenFixtureTests.swift */ = {isa = PBXFileReference; lastKnownFileType = sourcecode.swift; path = GoldenFixtureTests.swift; sourceTree = "<group>"; };
		F72E83FE738B1585350D73B3 /* GroupCloudService.swift */ = {isa = PBXFileReference; lastKnownFileType = sourcecode.swift; path = GroupCloudService.swift; sourceTree = "<group>"; };
		FA4448BE2780A647AA713C93 /* MemoryUsageTests.swift */ = {isa = PBXFileReference; lastKnownFileType = sourcecode.swift; path = MemoryUsageTests.swift; sourceTree = "<group>"; };
		FB7AC9C7E82C09EDF5584EF0 /* SmartIcon.swift */ = {isa = PBXFileReference; lastKnownFileType = sourcecode.swift; path = SmartIcon.swift; sourceTree = "<group>"; };
		FBDC222FD54B63889EB96C3C /* InputValidationTests.swift */ = {isa = PBXFileReference; lastKnownFileType = sourcecode.swift; path = InputValidationTests.swift; sourceTree = "<group>"; };
		FDA3E6B62DA262910AA5CADB /* PhoneAuthService.swift */ = {isa = PBXFileReference; lastKnownFileType = sourcecode.swift; path = PhoneAuthService.swift; sourceTree = "<group>"; };
/* End PBXFileReference section */

/* Begin PBXFrameworksBuildPhase section */
		572599C142221C7074DEF8F6 /* Frameworks */ = {
			isa = PBXFrameworksBuildPhase;
			buildActionMask = 2147483647;
			files = (
				64689DAF2BC3B129F8DB5BFD /* FirebaseFirestore in Frameworks */,
				548BBF301D04B442E50CD8FB /* FirebaseAuth in Frameworks */,
			);
			runOnlyForDeploymentPostprocessing = 0;
		};
/* End PBXFrameworksBuildPhase section */

/* Begin PBXGroup section */
		07AF40725A3C11DC1BD445F8 /* BusinessLogic */ = {
			isa = PBXGroup;
			children = (
				B18550284A68D2484CF98F2A /* ExpenseSplittingTests.swift */,
				99DE0F40FA7BA7ED1C0A9B9B /* RoundingTests.swift */,
				D016A04E943A584C04678F03 /* SettlementLogicTests.swift */,
			);
			path = BusinessLogic;
			sourceTree = "<group>";
		};
		09ABEE2E9821B94875DDC4CF /* Services */ = {
			isa = PBXGroup;
			children = (
				0A02BD49B654854E28F0A38E /* AppStore.swift */,
				7F3F84272E058BBE1E1F770E /* CurrencyService.swift */,
				2801AB09277F57257C560C60 /* ExpenseCloudService.swift */,
				F72E83FE738B1585350D73B3 /* GroupCloudService.swift */,
				9E8E613F19ED5557FCA1F815 /* InviteLinkService.swift */,
				72432DC9FC2168A054264E0C /* LinkRequestService.swift */,
				8B43B476095288FA3B239E09 /* LinkStateReconciliation.swift */,
				544B8CFB04B6998262B21A87 /* PersistenceService.swift */,
				B78A0842E7DCC4C25091BC59 /* RetryPolicy.swift */,
				FB7AC9C7E82C09EDF5584EF0 /* SmartIcon.swift */,
				17F8D252A185F4678303DF85 /* Auth */,
			);
			path = Services;
			sourceTree = "<group>";
		};
		0FBC43979125B974F22644DF /* v1 */ = {
			isa = PBXGroup;
			children = (
				63CB85B2C62A0DB284A039AB /* expense_v1.json */,
				B57A74506A4325E48913451C /* group_v1.json */,
			);
			path = v1;
			sourceTree = "<group>";
		};
		1186415FB5A304425C0A314C /* Profile */ = {
			isa = PBXGroup;
			children = (
				6C0C5EF7CC500E28F3D7F4D9 /* ProfileView.swift */,
			);
			path = Profile;
			sourceTree = "<group>";
		};
		17F8D252A185F4678303DF85 /* Auth */ = {
			isa = PBXGroup;
			children = (
				78175D1E7C19857E0A2B5BE8 /* AccountService.swift */,
				1A6F5F510E1D61955425D029 /* AccountServiceProvider.swift */,
				439C93064BA5C8A4E2A5F847 /* EmailAuthService.swift */,
				116F1E9C01A85A122B388140 /* EmailValidator.swift */,
				D5A69FF8B612F47203F27E63 /* FirestoreAccountService.swift */,
				FDA3E6B62DA262910AA5CADB /* PhoneAuthService.swift */,
				D1FBE3342077415A70933D81 /* PhoneNumberFormatter.swift */,
			);
			path = Auth;
			sourceTree = "<group>";
		};
		1B361185652F86C29F4A1B30 /* Activity */ = {
			isa = PBXGroup;
			children = (
				197A2B9C5F8F5B679EBA5627 /* ActivityView.swift */,
				AEC794F53CA3D9FF5A554036 /* ExpenseDetailView.swift */,
			);
			path = Activity;
			sourceTree = "<group>";
		};
		20D98E4ECA9075DD5437B51B /* Mocks */ = {
			isa = PBXGroup;
			children = (
				CA89917127F369F8DF989F92 /* MockClock.swift */,
				BB2FADD38E04C54BE335B973 /* MockClockTests.swift */,
				49923B90B5388734422295CA /* MockInviteLinkService.swift */,
				3BFB275C09AC10BAB7A5A4F1 /* MockLinkRequestService.swift */,
			);
			path = Mocks;
			sourceTree = "<group>";
		};
		22034366443E6FCE65F7D6E1 /* PropertyBased */ = {
			isa = PBXGroup;
			children = (
				37B574FB42E94A369F785A94 /* SplitInvariantsTests.swift */,
			);
			path = PropertyBased;
			sourceTree = "<group>";
		};
		376A9304FEA6B1584C82B87E /* App */ = {
			isa = PBXGroup;
			children = (
				2A242E800C5D09A343BB5B46 /* RootView.swift */,
			);
			path = App;
			sourceTree = "<group>";
		};
		38AA125E8AE15F6140A285E0 /* Integration */ = {
			isa = PBXGroup;
			children = (
				58C21581672E55915558B122 /* ExpenseCalculationIntegrationTests.swift */,
			);
			path = Integration;
			sourceTree = "<group>";
		};
		4AF6CB8C8761964D81288E19 /* Services */ = {
			isa = PBXGroup;
			children = (
				45A42E56038DA55B14F638F4 /* CurrencyServiceTests.swift */,
				44D263550683E1C16F136370 /* GroupCloudServiceTests.swift */,
				31F2EB59E84BE53577173A6A /* LinkStateReconciliationTests.swift */,
				ADFFBE4EB35384F144B3F3C9 /* PersistenceServiceTests.swift */,
				1F8BE3BFAA26314F5B4255EE /* RetryPolicyTests.swift */,
				B1D96B84F60537D2146263D2 /* SmartIconTests.swift */,
				C09895B102BF0028C7F80D40 /* Auth */,
			);
			path = Services;
			sourceTree = "<group>";
		};
		4C21508E22D7565A7E8ECCC6 /* Validation */ = {
			isa = PBXGroup;
			children = (
				E54FD82885F14A67563AC7BF /* AccountLinkingSecurityTests.swift */,
				0BB5A5519F1CFDFB94A471E9 /* ExpenseValidationTests.swift */,
				FBDC222FD54B63889EB96C3C /* InputValidationTests.swift */,
				293399FB569B98015E8477C1 /* PIIRedactionTests.swift */,
			);
			path = Validation;
			sourceTree = "<group>";
		};
		4F84F6655ACAFC34843B04E0 /* Add */ = {
			isa = PBXGroup;
			children = (
				4014E818C9EE7667E5E37F16 /* AddHomeView.swift */,
			);
			path = Add;
			sourceTree = "<group>";
		};
		51875D45C2DBCD308E0A71DA /* Performance */ = {
			isa = PBXGroup;
			children = (
				940B082B402AACB5629C7199 /* FilteringPerformanceTests.swift */,
				FA4448BE2780A647AA713C93 /* MemoryUsageTests.swift */,
				91BDB4DFBAE32BA2C2469A0A /* ReconciliationPerformanceTests.swift */,
				5541286C35AC9364A205CCE2 /* SplitCalculationPerformanceTests.swift */,
			);
			path = Performance;
			sourceTree = "<group>";
		};
		59B8436C29C23B38523D0D40 /* DesignSystem */ = {
			isa = PBXGroup;
			children = (
				193A79CB2B5DED33F433E90E /* Animations.swift */,
				31895FC4E868FA176E7F2529 /* AppAppearance.swift */,
				49D7C53DAB1E7F54FE02BDCC /* DetailContainer.swift */,
				1DC83EC262AFA752D419111A /* Haptics.swift */,
				763885D766A04AE1FF7CB213 /* NavigationHeader.swift */,
				52AEFA92954396252469BB8A /* NavigationTransitionSettings.swift */,
				A54E8765BB61BF8AE75C2E7F /* Styles.swift */,
				27DC865991DE806047491A0F /* SwipeBackModifier.swift */,
			);
			path = DesignSystem;
			sourceTree = "<group>";
		};
		600DD39DFC35EF08DF16AF0D /* ErrorHandling */ = {
			isa = PBXGroup;
			children = (
				9674CEC19FA2F245B34C91FE /* BusinessLogicErrorTests.swift */,
				414C9D721EB5BEC95B4147E5 /* NetworkErrorTests.swift */,
			);
			path = ErrorHandling;
			sourceTree = "<group>";
		};
		6803F606AF31E4A4DAE365C1 /* Groups */ = {
			isa = PBXGroup;
			children = (
				4BFEFD97F3240D6B253DEDEE /* GroupDetailView.swift */,
				CB7059704035A15DCD73A3A6 /* GroupsListView.swift */,
				D1A2457284DE994812735486 /* GroupsTabView.swift */,
				D4A249BB3EF0FE576BDBD00A /* SettleView.swift */,
			);
			path = Groups;
			sourceTree = "<group>";
		};
		81E42A1CD3BDC991DB92A63B /* Sources */ = {
			isa = PBXGroup;
			children = (
				A9B13CAB72D4F922DA9680F8 /* PayBackApp.swift */,
				376A9304FEA6B1584C82B87E /* App */,
				59B8436C29C23B38523D0D40 /* DesignSystem */,
				9BF57C4569E476D8B4714FCC /* Features */,
				921F950207533A2F2F464D74 /* Models */,
				09ABEE2E9821B94875DDC4CF /* Services */,
			);
			name = Sources;
			path = iOS/Sources;
			sourceTree = "<group>";
		};
		921F950207533A2F2F464D74 /* Models */ = {
			isa = PBXGroup;
			children = (
				B5B4AADFDE2AA517AC12FC87 /* DomainModels.swift */,
				85516C61396B85FE8F675EB9 /* LinkingModels.swift */,
				B5717A22E4AAD8CD7A14ED7D /* UserAccount.swift */,
			);
			path = Models;
			sourceTree = "<group>";
		};
		9BF57C4569E476D8B4714FCC /* Features */ = {
			isa = PBXGroup;
			children = (
				1B361185652F86C29F4A1B30 /* Activity */,
				4F84F6655ACAFC34843B04E0 /* Add */,
				CD739D900B63707542F5AFBD /* Auth */,
				F69CFB10BC6EFA4F30CC9B0E /* Expenses */,
				6803F606AF31E4A4DAE365C1 /* Groups */,
				BF6A0D7006FE251790CB6B0A /* People */,
				1186415FB5A304425C0A314C /* Profile */,
				B4BB7F12F994260E8027FBA6 /* Settings */,
			);
			path = Features;
			sourceTree = "<group>";
		};
		A119FA7E8527779C703120E9 /* Concurrency */ = {
			isa = PBXGroup;
			children = (
				13D74C51EC14E749DBF98AC9 /* ActorIsolationTests.swift */,
				BA64E2E2668159CDEEB0DA73 /* AsyncCancellationTests.swift */,
				AC52313C0FF807C461A9BEEB /* ErrorPropagationTests.swift */,
			);
			path = Concurrency;
			sourceTree = "<group>";
		};
		A337171E7CA9DA71F01A2CFA /* TimeBased */ = {
			isa = PBXGroup;
			children = (
				2752944105593F44F81649C8 /* TimeBasedLogicTests.swift */,
			);
			path = TimeBased;
			sourceTree = "<group>";
		};
		AA81F965FB391F03B997BE98 /* Serialization */ = {
			isa = PBXGroup;
			children = (
				CC2BAF9C49E59C91F7FEA132 /* CodableTests.swift */,
				F4EE72550CB3C0406B9F6FB9 /* GoldenFixtureTests.swift */,
			);
			path = Serialization;
			sourceTree = "<group>";
		};
		B4BB7F12F994260E8027FBA6 /* Settings */ = {
			isa = PBXGroup;
			children = (
				B7AD0B752439EFEECE865501 /* SettingsView.swift */,
			);
			path = Settings;
			sourceTree = "<group>";
		};
		BF6A0D7006FE251790CB6B0A /* People */ = {
			isa = PBXGroup;
			children = (
				9A2AEEEBBB4AFAF0798ED5AA /* AddFriendSheet.swift */,
				CD7D1804BD2711AB502C3992 /* FriendDetailView.swift */,
				0BDA8B0A8AF582C2E1CBE990 /* FriendsTabView.swift */,
				659E0CE6F984DA94965FD32A /* InviteLinkClaimView.swift */,
				3E7BE76B85DDBE6B6FED0200 /* LinkRequestDetailView.swift */,
				AB52409731CB242FF0DD0854 /* LinkRequestListView.swift */,
			);
			path = People;
			sourceTree = "<group>";
		};
		C09895B102BF0028C7F80D40 /* Auth */ = {
			isa = PBXGroup;
			children = (
				06F52BB68559D700BB77F54A /* AccountServiceTests.swift */,
				EE8CFF6F7AC87D65CDAD0BC7 /* EmailValidatorTests.swift */,
				706AA03874B9E44105F33D66 /* PhoneNumberFormatterTests.swift */,
			);
			path = Auth;
			sourceTree = "<group>";
		};
		C40DCAD340430CB26E69A787 /* PayBackTests */ = {
			isa = PBXGroup;
			children = (
				550E93DC8CFA844651953CAC /* CI-CD-SETUP.md */,
				F19635C1D0C5929241668327 /* Info.plist */,
				C7941EFBE449E825A5E0A532 /* metrics_template.csv */,
				1696234864C7E3E706D5EE73 /* PayBackTests.swift */,
				359FE58C8F77F707AC05AAA6 /* README.md */,
				1F9D26AE34C77C06482C442E /* TEST_MONITORING.md */,
				121FD42B6E6BDB39393843D2 /* TEST_REQUIREMENTS_MAPPING.md */,
				07AF40725A3C11DC1BD445F8 /* BusinessLogic */,
				A119FA7E8527779C703120E9 /* Concurrency */,
				CD10C3EABC732C22094B1A40 /* DesignSystem */,
				600DD39DFC35EF08DF16AF0D /* ErrorHandling */,
				EC0C82243D01E363AC4DF0C7 /* Fixtures */,
				D705EE0EC6101AC666C87025 /* Helpers */,
				38AA125E8AE15F6140A285E0 /* Integration */,
				20D98E4ECA9075DD5437B51B /* Mocks */,
				DC0D356734C7C7A526FEF14E /* Models */,
				51875D45C2DBCD308E0A71DA /* Performance */,
				22034366443E6FCE65F7D6E1 /* PropertyBased */,
				AA81F965FB391F03B997BE98 /* Serialization */,
				4AF6CB8C8761964D81288E19 /* Services */,
				A337171E7CA9DA71F01A2CFA /* TimeBased */,
				4C21508E22D7565A7E8ECCC6 /* Validation */,
			);
			path = PayBackTests;
			sourceTree = "<group>";
		};
		CD10C3EABC732C22094B1A40 /* DesignSystem */ = {
			isa = PBXGroup;
			children = (
				8915FFBD2F4F38E97C572B82 /* AppAppearanceTests.swift */,
				197F336C27A445A76763981B /* HapticsTests.swift */,
			);
			path = DesignSystem;
			sourceTree = "<group>";
		};
		CD739D900B63707542F5AFBD /* Auth */ = {
			isa = PBXGroup;
			children = (
				251525EBCD9286300851844F /* AuthCoordinator.swift */,
				470EEC7D42D40A275EF2B960 /* AuthFlowView.swift */,
				E83E29039BA183D157EE01C2 /* CodeVerificationView.swift */,
				7C6FD3885134BFA7111AB3D7 /* LoginView.swift */,
				999F61468DEA3A20EE566805 /* SignupDetailsView.swift */,
				89ECF25EDEBE04BAF990F308 /* SignupView.swift */,
			);
			path = Auth;
			sourceTree = "<group>";
		};
		D705EE0EC6101AC666C87025 /* Helpers */ = {
			isa = PBXGroup;
			children = (
				62D4543225DFB5DB9ECF98D6 /* TestHelpers.swift */,
			);
			path = Helpers;
			sourceTree = "<group>";
		};
		DC0D356734C7C7A526FEF14E /* Models */ = {
			isa = PBXGroup;
			children = (
				B7955D3CDE838DA328C185AD /* DomainModelsTests.swift */,
				DB36D35D0E6AE15695624BC3 /* GroupMemberExtensionTests.swift */,
				90EF091A3971558C6B1CE24E /* LinkingModelsTests.swift */,
				2A56407ADF054AF2AD465BE6 /* UserAccountTests.swift */,
			);
			path = Models;
			sourceTree = "<group>";
		};
		EABDDCA7533394043009A7CC = {
			isa = PBXGroup;
			children = (
				F1E2B49ACCE2F03C03B902A1 /* iOS */,
				C40DCAD340430CB26E69A787 /* PayBackTests */,
				81E42A1CD3BDC991DB92A63B /* Sources */,
				F13B169CE7475A8EB5EDCE85 /* Products */,
			);
			sourceTree = "<group>";
		};
		EC0C82243D01E363AC4DF0C7 /* Fixtures */ = {
			isa = PBXGroup;
			children = (
				0430BB91AD29ABC07EB90438 /* breaking_change_test.json */,
				2CF5CD23DFD7ECA1AB7A2325 /* currency_minor_units.json */,
				0FBC43979125B974F22644DF /* v1 */,
			);
			path = Fixtures;
			sourceTree = "<group>";
		};
		F13B169CE7475A8EB5EDCE85 /* Products */ = {
			isa = PBXGroup;
			children = (
				44DC8C435AB86C92B1C7D259 /* PayBack.app */,
				4D1EB6F6C491A423A4B98BAD /* PayBackTests.xctest */,
			);
			name = Products;
			sourceTree = "<group>";
		};
		F1E2B49ACCE2F03C03B902A1 /* iOS */ = {
			isa = PBXGroup;
			children = (
				C848266A57FBE163BEA3F688 /* GoogleService-Info.plist */,
			);
			path = iOS;
			sourceTree = "<group>";
		};
		F69CFB10BC6EFA4F30CC9B0E /* Expenses */ = {
			isa = PBXGroup;
			children = (
				D0607737DE5977CD65AB1147 /* AddExpenseView.swift */,
			);
			path = Expenses;
			sourceTree = "<group>";
		};
/* End PBXGroup section */

/* Begin PBXNativeTarget section */
		093E9F3EF3319A7C18C3E0D0 /* PayBackTests */ = {
			isa = PBXNativeTarget;
			buildConfigurationList = 7F961FD503EAD8379E2A6FE7 /* Build configuration list for PBXNativeTarget "PayBackTests" */;
			buildPhases = (
				9B903DF83EB878005793C975 /* Sources */,
				38E17DD4383171F2B58873F3 /* Resources */,
			);
			buildRules = (
			);
			dependencies = (
				F30D3B4FD299545317610593 /* PBXTargetDependency */,
			);
			name = PayBackTests;
			packageProductDependencies = (
			);
			productName = PayBackTests;
			productReference = 4D1EB6F6C491A423A4B98BAD /* PayBackTests.xctest */;
			productType = "com.apple.product-type.bundle.unit-test";
		};
		8A87A393B132A8E10E64FD91 /* PayBack */ = {
			isa = PBXNativeTarget;
			buildConfigurationList = 5486292E50B0184693EDA028 /* Build configuration list for PBXNativeTarget "PayBack" */;
			buildPhases = (
				FD6789580A3E8EDAAE310C64 /* Sources */,
				9ACAE8BECA3453CD10028C45 /* Resources */,
				572599C142221C7074DEF8F6 /* Frameworks */,
			);
			buildRules = (
			);
			dependencies = (
			);
			name = PayBack;
			packageProductDependencies = (
				9944CD53CE0B52B577E48E22 /* FirebaseFirestore */,
				1E6F0542D25147BBF87B0407 /* FirebaseAuth */,
			);
			productName = PayBack;
			productReference = 44DC8C435AB86C92B1C7D259 /* PayBack.app */;
			productType = "com.apple.product-type.application";
		};
/* End PBXNativeTarget section */

/* Begin PBXProject section */
		9B70594C9E661D946D83DAA3 /* Project object */ = {
			isa = PBXProject;
			attributes = {
				BuildIndependentTargetsInParallel = YES;
				LastUpgradeCheck = 1430;
				TargetAttributes = {
					093E9F3EF3319A7C18C3E0D0 = {
						DevelopmentTeam = "";
					};
					8A87A393B132A8E10E64FD91 = {
						DevelopmentTeam = "";
					};
				};
			};
			buildConfigurationList = CFA919DD368A600D55BE1736 /* Build configuration list for PBXProject "PayBack" */;
			compatibilityVersion = "Xcode 14.0";
			developmentRegion = en;
			hasScannedForEncodings = 0;
			knownRegions = (
				Base,
				en,
			);
			mainGroup = EABDDCA7533394043009A7CC;
			minimizedProjectReferenceProxies = 1;
			packageReferences = (
				7D3D414386285D6CE31CDCE2 /* XCRemoteSwiftPackageReference "firebase-ios-sdk" */,
			);
			preferredProjectObjectVersion = 77;
			projectDirPath = "";
			projectRoot = "";
			targets = (
				8A87A393B132A8E10E64FD91 /* PayBack */,
				093E9F3EF3319A7C18C3E0D0 /* PayBackTests */,
			);
		};
/* End PBXProject section */

/* Begin PBXResourcesBuildPhase section */
		38E17DD4383171F2B58873F3 /* Resources */ = {
			isa = PBXResourcesBuildPhase;
			buildActionMask = 2147483647;
			files = (
				CF9A9E4F0A0B36E8877FD1F3 /* CI-CD-SETUP.md in Resources */,
				104CD7F1D049A5CA74F3A7B1 /* README.md in Resources */,
				B43D07F5E265CEF1F3BAAA79 /* TEST_MONITORING.md in Resources */,
				7D7ED60B9C9AFE738DA6B74C /* TEST_REQUIREMENTS_MAPPING.md in Resources */,
				CA41009C26CE97F437835F6D /* breaking_change_test.json in Resources */,
				1EE61D969477B1331E9DA63E /* currency_minor_units.json in Resources */,
				5501AB7C18F1F3B44BFFE43D /* expense_v1.json in Resources */,
				7D0FF5C2DD7DD40C3E991E9C /* group_v1.json in Resources */,
				342D6D44496C78CDB637AED2 /* metrics_template.csv in Resources */,
			);
			runOnlyForDeploymentPostprocessing = 0;
		};
		9ACAE8BECA3453CD10028C45 /* Resources */ = {
			isa = PBXResourcesBuildPhase;
			buildActionMask = 2147483647;
			files = (
				163479B4B5124B08A0687ABE /* GoogleService-Info.plist in Resources */,
			);
			runOnlyForDeploymentPostprocessing = 0;
		};
/* End PBXResourcesBuildPhase section */

/* Begin PBXSourcesBuildPhase section */
		9B903DF83EB878005793C975 /* Sources */ = {
			isa = PBXSourcesBuildPhase;
			buildActionMask = 2147483647;
			files = (
				0CA3D5CF771DA7864D46C20C /* AccountLinkingSecurityTests.swift in Sources */,
				8BEC039AC0196232F7F6DBFC /* AccountServiceTests.swift in Sources */,
				DBBBBF6FAAAD4E920B911460 /* ActorIsolationTests.swift in Sources */,
				228FBA449D51022B6E8693B4 /* AppAppearanceTests.swift in Sources */,
				AE3FD81F298532E17AF7BEFA /* AsyncCancellationTests.swift in Sources */,
				1BC96B17C709A405867AD3F5 /* BusinessLogicErrorTests.swift in Sources */,
				A4E26B52AF0DAEA183EAAFD0 /* CodableTests.swift in Sources */,
				19284FFD8567C4BC7DDB08CC /* CurrencyServiceTests.swift in Sources */,
				C7A1F8D67A6F387642CAEEBF /* DomainModelsTests.swift in Sources */,
				A2D5A28D5169CD7A40D5B8B0 /* EmailValidatorTests.swift in Sources */,
				54347AD17B4AD88950042783 /* ErrorPropagationTests.swift in Sources */,
				6B3D4A75ACD74F5776C57A44 /* ExpenseCalculationIntegrationTests.swift in Sources */,
				30E4E7BE79D0537220949AAE /* ExpenseSplittingTests.swift in Sources */,
				8388AA4BC29EFB1E8D512F5D /* ExpenseValidationTests.swift in Sources */,
				8C20585EE1D0A1C056DD5A1D /* FilteringPerformanceTests.swift in Sources */,
				5FB0C7B3DCFA33BAC876BCD8 /* GoldenFixtureTests.swift in Sources */,
				3B8801F2DA5D5A74CD7E59E1 /* GroupCloudServiceTests.swift in Sources */,
				9BCC848108316F09FECCCBAE /* GroupMemberExtensionTests.swift in Sources */,
				A3272BFD3ED589B42649F79C /* HapticsTests.swift in Sources */,
				E99E0CD1A135A13DA4CE2D82 /* InputValidationTests.swift in Sources */,
				27A14927BD3FD606960670D6 /* LinkStateReconciliationTests.swift in Sources */,
				FC0DBFC0C26D69E8609BC1FF /* LinkingModelsTests.swift in Sources */,
				D6529386A3E80DCDF3F560EC /* MemoryUsageTests.swift in Sources */,
				BF3B4BE9134CB455427285AB /* MockClock.swift in Sources */,
				4130AACB34FFA715598B4F87 /* MockClockTests.swift in Sources */,
				5FE5FE9CDC956CF0FBC25E84 /* MockInviteLinkService.swift in Sources */,
				AD4EA93A3F930908B5C5441A /* MockLinkRequestService.swift in Sources */,
				055437DCFAFFCEC72AEDD61E /* NetworkErrorTests.swift in Sources */,
				B65BB3D474B7034F1CFCF9C9 /* PIIRedactionTests.swift in Sources */,
				83E5387B9931DEEDC10142D7 /* PayBackTests.swift in Sources */,
				0B1351A90C1ECC2961F27665 /* PersistenceServiceTests.swift in Sources */,
				670C8FBABAC52D6C9362A7F8 /* PhoneNumberFormatterTests.swift in Sources */,
				0F9E5B0E32E6D4290290D62D /* ReconciliationPerformanceTests.swift in Sources */,
				838755AB6EBEEB9044C348E3 /* RetryPolicyTests.swift in Sources */,
				12D13C4175CFA16845AABE5E /* RoundingTests.swift in Sources */,
				5F859618BB059DC2730FAAC3 /* SettlementLogicTests.swift in Sources */,
				32F45E7162ABC4326432368D /* SmartIconTests.swift in Sources */,
				C543D6914EF674A8FA23AF56 /* SplitCalculationPerformanceTests.swift in Sources */,
				9D899E80F2D85799FCB9060C /* SplitInvariantsTests.swift in Sources */,
				E17C3113B6C328A1DBA9C86E /* TestHelpers.swift in Sources */,
				99AAA28C8FD423F4086F017F /* TimeBasedLogicTests.swift in Sources */,
				377DAF4BE1F17562710B8167 /* UserAccountTests.swift in Sources */,
			);
			runOnlyForDeploymentPostprocessing = 0;
		};
		FD6789580A3E8EDAAE310C64 /* Sources */ = {
			isa = PBXSourcesBuildPhase;
			buildActionMask = 2147483647;
			files = (
				28C79620AABAA8EF8A8A834B /* AccountService.swift in Sources */,
				012012D7D9B8608B93043AD6 /* AccountServiceProvider.swift in Sources */,
				AF5D94363D3A4098859AFF83 /* ActivityView.swift in Sources */,
				D92D2F101A3F547910349AA6 /* AddExpenseView.swift in Sources */,
				998E218DCAA7EF5DB647D52E /* AddFriendSheet.swift in Sources */,
				B3100B114852E4D7B5784FEE /* AddHomeView.swift in Sources */,
				4F31ECAFCC5740532A81AE12 /* Animations.swift in Sources */,
				241FE4F5D7652F2F95519FE3 /* AppAppearance.swift in Sources */,
				DF0D3A471AFD3BCB8DAF8AE0 /* AppStore.swift in Sources */,
				ACDF133A6051D04122578E60 /* AuthCoordinator.swift in Sources */,
				C56DC46F7E46777128184E08 /* AuthFlowView.swift in Sources */,
				F52B3FF9B3A4FCC8F5AF18D3 /* CodeVerificationView.swift in Sources */,
				A6FA2B00A5CA0F222A4836CB /* CurrencyService.swift in Sources */,
				06FDA5FAB7F7A66F89196E96 /* DetailContainer.swift in Sources */,
				8F03C8B31BE2FE049D58F433 /* DomainModels.swift in Sources */,
				A94BB8D5013ACCD76B01635F /* EmailAuthService.swift in Sources */,
				90B4A0BDBF8D14A602F77D20 /* EmailValidator.swift in Sources */,
				72C55E39CE753D3E0EB12062 /* ExpenseCloudService.swift in Sources */,
				4D29E4813A23C389BE48E6E3 /* ExpenseDetailView.swift in Sources */,
				EFC2EA243E86A75584A3CC6B /* FirestoreAccountService.swift in Sources */,
				C1CB50A738730F9B0EC35A18 /* FriendDetailView.swift in Sources */,
				04B113CDCEE47F46770947BA /* FriendsTabView.swift in Sources */,
				EC6C156FE2AF0B4E3F8F92B9 /* GroupCloudService.swift in Sources */,
				322C24BA4E47FACDF055D60F /* GroupDetailView.swift in Sources */,
				E433C5FBD7576D4EBC603213 /* GroupsListView.swift in Sources */,
				40232C51ECCE24BC4E3969A5 /* GroupsTabView.swift in Sources */,
				C0E10F6F4123363F9C220E60 /* Haptics.swift in Sources */,
				9B5F8322BEDCAB0E17C1C805 /* InviteLinkClaimView.swift in Sources */,
				8DA9D14386E915876256B781 /* InviteLinkService.swift in Sources */,
				F89E0C4698147FF453981D8D /* LinkRequestDetailView.swift in Sources */,
				C0706F5636AABBFF8BC84609 /* LinkRequestListView.swift in Sources */,
				F6AF78D682362C489666B4F3 /* LinkRequestService.swift in Sources */,
				3C0FE97C4C2EDA1AB603A3C9 /* LinkStateReconciliation.swift in Sources */,
				A20570FD734E7731B4D1FA12 /* LinkingModels.swift in Sources */,
				787BC093C98D0A3CF0167BD3 /* LoginView.swift in Sources */,
				EAC53DF1302B0E64F67916C8 /* NavigationHeader.swift in Sources */,
				6507F770321F7F9A5B3B1B67 /* NavigationTransitionSettings.swift in Sources */,
				F8EC479EFD00FC5E962CCCC7 /* PayBackApp.swift in Sources */,
				86FFF042ED2F13FFFDA63D9E /* PersistenceService.swift in Sources */,
				8BF8EB213F51D8BC991DFC21 /* PhoneAuthService.swift in Sources */,
				9032992644B9570D6FB3D745 /* PhoneNumberFormatter.swift in Sources */,
				C8A0C9A7D5E1D007079280C3 /* ProfileView.swift in Sources */,
				4634D5D3332ECF9631B63786 /* RetryPolicy.swift in Sources */,
				5BA4F06247280DDE15155A5D /* RootView.swift in Sources */,
				D013A0CBBCB20B354345CA83 /* SettingsView.swift in Sources */,
				3EC6E83D5D227AC901339BDD /* SettleView.swift in Sources */,
				D250EB25801C16984E0C99C2 /* SignupDetailsView.swift in Sources */,
				D9277829989507A1BA9B8CDE /* SignupView.swift in Sources */,
				8546DDC4FE2D3FB094829C16 /* SmartIcon.swift in Sources */,
				D71CD07F46570064ADC20F11 /* Styles.swift in Sources */,
				755A240760BD3BCEEA1B6B89 /* SwipeBackModifier.swift in Sources */,
				048E2B39F61F67994F440E2C /* UserAccount.swift in Sources */,
			);
			runOnlyForDeploymentPostprocessing = 0;
		};
/* End PBXSourcesBuildPhase section */

/* Begin PBXTargetDependency section */
		F30D3B4FD299545317610593 /* PBXTargetDependency */ = {
			isa = PBXTargetDependency;
			target = 8A87A393B132A8E10E64FD91 /* PayBack */;
			targetProxy = 2857A0AE392E0CFFBA759EA4 /* PBXContainerItemProxy */;
		};
/* End PBXTargetDependency section */

/* Begin XCBuildConfiguration section */
		2A17A237FCF076AAB38F6507 /* Debug */ = {
			isa = XCBuildConfiguration;
			buildSettings = {
				ALWAYS_SEARCH_USER_PATHS = NO;
				CLANG_ANALYZER_NONNULL = YES;
				CLANG_ANALYZER_NUMBER_OBJECT_CONVERSION = YES_AGGRESSIVE;
				CLANG_CXX_LANGUAGE_STANDARD = "gnu++14";
				CLANG_CXX_LIBRARY = "libc++";
				CLANG_ENABLE_MODULES = YES;
				CLANG_ENABLE_OBJC_ARC = YES;
				CLANG_ENABLE_OBJC_WEAK = YES;
				CLANG_WARN_BLOCK_CAPTURE_AUTORELEASING = YES;
				CLANG_WARN_BOOL_CONVERSION = YES;
				CLANG_WARN_COMMA = YES;
				CLANG_WARN_CONSTANT_CONVERSION = YES;
				CLANG_WARN_DEPRECATED_OBJC_IMPLEMENTATIONS = YES;
				CLANG_WARN_DIRECT_OBJC_ISA_USAGE = YES_ERROR;
				CLANG_WARN_DOCUMENTATION_COMMENTS = YES;
				CLANG_WARN_EMPTY_BODY = YES;
				CLANG_WARN_ENUM_CONVERSION = YES;
				CLANG_WARN_INFINITE_RECURSION = YES;
				CLANG_WARN_INT_CONVERSION = YES;
				CLANG_WARN_NON_LITERAL_NULL_CONVERSION = YES;
				CLANG_WARN_OBJC_IMPLICIT_RETAIN_SELF = YES;
				CLANG_WARN_OBJC_LITERAL_CONVERSION = YES;
				CLANG_WARN_OBJC_ROOT_CLASS = YES_ERROR;
				CLANG_WARN_QUOTED_INCLUDE_IN_FRAMEWORK_HEADER = YES;
				CLANG_WARN_RANGE_LOOP_ANALYSIS = YES;
				CLANG_WARN_STRICT_PROTOTYPES = YES;
				CLANG_WARN_SUSPICIOUS_MOVE = YES;
				CLANG_WARN_UNGUARDED_AVAILABILITY = YES_AGGRESSIVE;
				CLANG_WARN_UNREACHABLE_CODE = YES;
				CLANG_WARN__DUPLICATE_METHOD_MATCH = YES;
				COPY_PHASE_STRIP = NO;
				DEBUG_INFORMATION_FORMAT = dwarf;
				ENABLE_STRICT_OBJC_MSGSEND = YES;
				ENABLE_TESTABILITY = YES;
				GCC_C_LANGUAGE_STANDARD = gnu11;
				GCC_DYNAMIC_NO_PIC = NO;
				GCC_NO_COMMON_BLOCKS = YES;
				GCC_OPTIMIZATION_LEVEL = 0;
				GCC_PREPROCESSOR_DEFINITIONS = (
					"$(inherited)",
					"DEBUG=1",
				);
				GCC_WARN_64_TO_32_BIT_CONVERSION = YES;
				GCC_WARN_ABOUT_RETURN_TYPE = YES_ERROR;
				GCC_WARN_UNDECLARED_SELECTOR = YES;
				GCC_WARN_UNINITIALIZED_AUTOS = YES_AGGRESSIVE;
				GCC_WARN_UNUSED_FUNCTION = YES;
				GCC_WARN_UNUSED_VARIABLE = YES;
				IPHONEOS_DEPLOYMENT_TARGET = 18.0;
				MTL_ENABLE_DEBUG_INFO = INCLUDE_SOURCE;
				MTL_FAST_MATH = YES;
				ONLY_ACTIVE_ARCH = YES;
				PRODUCT_NAME = "$(TARGET_NAME)";
				SDKROOT = iphoneos;
				SWIFT_ACTIVE_COMPILATION_CONDITIONS = DEBUG;
				SWIFT_OPTIMIZATION_LEVEL = "-Onone";
				SWIFT_VERSION = 5.1;
			};
			name = Debug;
		};
		2B934191CE85F57FBDC3173F /* Release */ = {
			isa = XCBuildConfiguration;
			buildSettings = {
				ALWAYS_SEARCH_USER_PATHS = NO;
				CLANG_ANALYZER_NONNULL = YES;
				CLANG_ANALYZER_NUMBER_OBJECT_CONVERSION = YES_AGGRESSIVE;
				CLANG_CXX_LANGUAGE_STANDARD = "gnu++14";
				CLANG_CXX_LIBRARY = "libc++";
				CLANG_ENABLE_MODULES = YES;
				CLANG_ENABLE_OBJC_ARC = YES;
				CLANG_ENABLE_OBJC_WEAK = YES;
				CLANG_WARN_BLOCK_CAPTURE_AUTORELEASING = YES;
				CLANG_WARN_BOOL_CONVERSION = YES;
				CLANG_WARN_COMMA = YES;
				CLANG_WARN_CONSTANT_CONVERSION = YES;
				CLANG_WARN_DEPRECATED_OBJC_IMPLEMENTATIONS = YES;
				CLANG_WARN_DIRECT_OBJC_ISA_USAGE = YES_ERROR;
				CLANG_WARN_DOCUMENTATION_COMMENTS = YES;
				CLANG_WARN_EMPTY_BODY = YES;
				CLANG_WARN_ENUM_CONVERSION = YES;
				CLANG_WARN_INFINITE_RECURSION = YES;
				CLANG_WARN_INT_CONVERSION = YES;
				CLANG_WARN_NON_LITERAL_NULL_CONVERSION = YES;
				CLANG_WARN_OBJC_IMPLICIT_RETAIN_SELF = YES;
				CLANG_WARN_OBJC_LITERAL_CONVERSION = YES;
				CLANG_WARN_OBJC_ROOT_CLASS = YES_ERROR;
				CLANG_WARN_QUOTED_INCLUDE_IN_FRAMEWORK_HEADER = YES;
				CLANG_WARN_RANGE_LOOP_ANALYSIS = YES;
				CLANG_WARN_STRICT_PROTOTYPES = YES;
				CLANG_WARN_SUSPICIOUS_MOVE = YES;
				CLANG_WARN_UNGUARDED_AVAILABILITY = YES_AGGRESSIVE;
				CLANG_WARN_UNREACHABLE_CODE = YES;
				CLANG_WARN__DUPLICATE_METHOD_MATCH = YES;
				COPY_PHASE_STRIP = NO;
				DEBUG_INFORMATION_FORMAT = "dwarf-with-dsym";
				ENABLE_NS_ASSERTIONS = NO;
				ENABLE_STRICT_OBJC_MSGSEND = YES;
				GCC_C_LANGUAGE_STANDARD = gnu11;
				GCC_NO_COMMON_BLOCKS = YES;
				GCC_WARN_64_TO_32_BIT_CONVERSION = YES;
				GCC_WARN_ABOUT_RETURN_TYPE = YES_ERROR;
				GCC_WARN_UNDECLARED_SELECTOR = YES;
				GCC_WARN_UNINITIALIZED_AUTOS = YES_AGGRESSIVE;
				GCC_WARN_UNUSED_FUNCTION = YES;
				GCC_WARN_UNUSED_VARIABLE = YES;
				IPHONEOS_DEPLOYMENT_TARGET = 18.0;
				MTL_ENABLE_DEBUG_INFO = NO;
				MTL_FAST_MATH = YES;
				PRODUCT_NAME = "$(TARGET_NAME)";
				SDKROOT = iphoneos;
				SWIFT_COMPILATION_MODE = wholemodule;
				SWIFT_OPTIMIZATION_LEVEL = "-O";
				SWIFT_VERSION = 5.1;
			};
			name = Release;
		};
		66529F60566465264FF6E036 /* Release */ = {
			isa = XCBuildConfiguration;
			buildSettings = {
				ASSETCATALOG_COMPILER_APPICON_NAME = AppIcon;
				CODE_SIGN_IDENTITY = "iPhone Developer";
				DEVELOPMENT_TEAM = "";
				ENABLE_TESTABILITY = YES;
				INFOPLIST_FILE = iOS/Info.plist;
				LD_RUNPATH_SEARCH_PATHS = (
					"$(inherited)",
					"@executable_path/Frameworks",
				);
				PRODUCT_BUNDLE_IDENTIFIER = com.angansamadder.PayBack;
				SDKROOT = iphoneos;
				TARGETED_DEVICE_FAMILY = "1,2";
			};
			name = Release;
		};
		C80AFD729D9AC874834012DC /* Debug */ = {
			isa = XCBuildConfiguration;
			buildSettings = {
				ASSETCATALOG_COMPILER_APPICON_NAME = AppIcon;
				CODE_SIGN_IDENTITY = "iPhone Developer";
				DEVELOPMENT_TEAM = "";
				ENABLE_TESTABILITY = YES;
				INFOPLIST_FILE = iOS/Info.plist;
				LD_RUNPATH_SEARCH_PATHS = (
					"$(inherited)",
					"@executable_path/Frameworks",
				);
				PRODUCT_BUNDLE_IDENTIFIER = com.angansamadder.PayBack;
				SDKROOT = iphoneos;
				TARGETED_DEVICE_FAMILY = "1,2";
			};
			name = Debug;
		};
		F614E6A78E8B625F4FB9A259 /* Release */ = {
			isa = XCBuildConfiguration;
			buildSettings = {
				BUNDLE_LOADER = "$(TEST_HOST)";
				DEVELOPMENT_TEAM = "";
				INFOPLIST_FILE = PayBackTests/Info.plist;
				LD_RUNPATH_SEARCH_PATHS = (
					"$(inherited)",
					"@executable_path/Frameworks",
					"@loader_path/Frameworks",
				);
				PRODUCT_BUNDLE_IDENTIFIER = com.angansamadder.PayBackTests;
				SDKROOT = iphoneos;
				TARGETED_DEVICE_FAMILY = "1,2";
				TEST_HOST = "$(BUILT_PRODUCTS_DIR)/PayBack.app/$(BUNDLE_EXECUTABLE_FOLDER_PATH)/PayBack";
			};
			name = Release;
		};
		FD9E62F382BE941E3FDFFF20 /* Debug */ = {
			isa = XCBuildConfiguration;
			buildSettings = {
				BUNDLE_LOADER = "$(TEST_HOST)";
				DEVELOPMENT_TEAM = "";
				INFOPLIST_FILE = PayBackTests/Info.plist;
				LD_RUNPATH_SEARCH_PATHS = (
					"$(inherited)",
					"@executable_path/Frameworks",
					"@loader_path/Frameworks",
				);
				PRODUCT_BUNDLE_IDENTIFIER = com.angansamadder.PayBackTests;
				SDKROOT = iphoneos;
				TARGETED_DEVICE_FAMILY = "1,2";
				TEST_HOST = "$(BUILT_PRODUCTS_DIR)/PayBack.app/$(BUNDLE_EXECUTABLE_FOLDER_PATH)/PayBack";
			};
			name = Debug;
		};
/* End XCBuildConfiguration section */

/* Begin XCConfigurationList section */
		5486292E50B0184693EDA028 /* Build configuration list for PBXNativeTarget "PayBack" */ = {
			isa = XCConfigurationList;
			buildConfigurations = (
				C80AFD729D9AC874834012DC /* Debug */,
				66529F60566465264FF6E036 /* Release */,
			);
			defaultConfigurationIsVisible = 0;
			defaultConfigurationName = Debug;
		};
		7F961FD503EAD8379E2A6FE7 /* Build configuration list for PBXNativeTarget "PayBackTests" */ = {
			isa = XCConfigurationList;
			buildConfigurations = (
				FD9E62F382BE941E3FDFFF20 /* Debug */,
				F614E6A78E8B625F4FB9A259 /* Release */,
			);
			defaultConfigurationIsVisible = 0;
			defaultConfigurationName = Debug;
		};
		CFA919DD368A600D55BE1736 /* Build configuration list for PBXProject "PayBack" */ = {
			isa = XCConfigurationList;
			buildConfigurations = (
				2A17A237FCF076AAB38F6507 /* Debug */,
				2B934191CE85F57FBDC3173F /* Release */,
			);
			defaultConfigurationIsVisible = 0;
			defaultConfigurationName = Debug;
		};
/* End XCConfigurationList section */

/* Begin XCRemoteSwiftPackageReference section */
		7D3D414386285D6CE31CDCE2 /* XCRemoteSwiftPackageReference "firebase-ios-sdk" */ = {
			isa = XCRemoteSwiftPackageReference;
			repositoryURL = "https://github.com/firebase/firebase-ios-sdk.git";
			requirement = {
				kind = exactVersion;
				version = 11.5.0;
			};
		};
/* End XCRemoteSwiftPackageReference section */

/* Begin XCSwiftPackageProductDependency section */
		1E6F0542D25147BBF87B0407 /* FirebaseAuth */ = {
			isa = XCSwiftPackageProductDependency;
			package = 7D3D414386285D6CE31CDCE2 /* XCRemoteSwiftPackageReference "firebase-ios-sdk" */;
			productName = FirebaseAuth;
		};
		9944CD53CE0B52B577E48E22 /* FirebaseFirestore */ = {
			isa = XCSwiftPackageProductDependency;
			package = 7D3D414386285D6CE31CDCE2 /* XCRemoteSwiftPackageReference "firebase-ios-sdk" */;
			productName = FirebaseFirestore;
		};
/* End XCSwiftPackageProductDependency section */
	};
	rootObject = 9B70594C9E661D946D83DAA3 /* Project object */;
}
